github.com/J-Siu/go-helper v0.0.0-20200829171048-753b4e7c55b9 h1:e18Ko1y3mHUP95Xp16jxRXg1jXPAtWWwi0tqQXA5Bjc=
github.com/J-Siu/go-helper v0.0.0-20200829171048-753b4e7c55b9/go.mod h1:osOB48394q2nxkD4Ch6/kmSKqCgEHe7ALnsHDLAkO2w=
github.com/J-Siu/go-ver v0.0.0-20200903203550-6d5860a14d17 h1:m4hK3ypKV7X5PP3L8Ue26E/d+/JQXCptq9wF+kZ2s2c=
github.com/J-Siu/go-ver v0.0.0-20200903203550-6d5860a14d17/go.mod h1:dgd5J/oLE+Hau2X9xHN32BJUacLGDxGGuArWKsejq9A=
