github.com/J-Siu/go-helper v0.0.0-20200831211848-b952ab4d60dd h1:T9YJZEh+dpSnLQjdghlzlvex2TEDqYDkTFCMH20ZW7A=
github.com/J-Siu/go-helper v0.0.0-20200831211848-b952ab4d60dd/go.mod h1:osOB48394q2nxkD4Ch6/kmSKqCgEHe7ALnsHDLAkO2w=
github.com/J-Siu/go-ver v0.0.0-20200903203550-6d5860a14d17 h1:m4hK3ypKV7X5PP3L8Ue26E/d+/JQXCptq9wF+kZ2s2c=
github.com/J-Siu/go-ver v0.0.0-20200903203550-6d5860a14d17/go.mod h1:dgd5J/oLE+Hau2X9xHN32BJUacLGDxGGuArWKsejq9A=
